// !$*UTF8*$!
{
	archiveVersion = 1;
	classes = {
	};
	objectVersion = 46;
	objects = {

/* Begin PBXBuildFile section */
		49080EDF1A94CF2400B497AA /* セピア.png in Resources */ = {isa = PBXBuildFile; fileRef = 49080ED81A94CF2400B497AA /* セピア.png */; };
		49080EE01A94CF2400B497AA /* クローム.png in Resources */ = {isa = PBXBuildFile; fileRef = 49080ED91A94CF2400B497AA /* クローム.png */; };
		49080EE11A94CF2400B497AA /* ビンテージ.png in Resources */ = {isa = PBXBuildFile; fileRef = 49080EDA1A94CF2400B497AA /* ビンテージ.png */; };
		49080EE21A94CF2400B497AA /* 淡いセピア.png in Resources */ = {isa = PBXBuildFile; fileRef = 49080EDB1A94CF2400B497AA /* 淡いセピア.png */; };
		49080EE31A94CF2400B497AA /* 色の反転.png in Resources */ = {isa = PBXBuildFile; fileRef = 49080EDC1A94CF2400B497AA /* 色の反転.png */; };
		49080EE41A94CF2400B497AA /* レトロ調.png in Resources */ = {isa = PBXBuildFile; fileRef = 49080EDD1A94CF2400B497AA /* レトロ調.png */; };
		49080EE51A94CF2400B497AA /* モノクロ.png in Resources */ = {isa = PBXBuildFile; fileRef = 49080EDE1A94CF2400B497AA /* モノクロ.png */; };
		494189291A025C7F00613542 /* main.m in Sources */ = {isa = PBXBuildFile; fileRef = 494189281A025C7F00613542 /* main.m */; };
		4941892C1A025C7F00613542 /* AppDelegate.m in Sources */ = {isa = PBXBuildFile; fileRef = 4941892B1A025C7F00613542 /* AppDelegate.m */; };
		4941892F1A025C7F00613542 /* ViewController.m in Sources */ = {isa = PBXBuildFile; fileRef = 4941892E1A025C7F00613542 /* ViewController.m */; };
		494189321A025C7F00613542 /* Main.storyboard in Resources */ = {isa = PBXBuildFile; fileRef = 494189301A025C7F00613542 /* Main.storyboard */; };
		494189341A025C7F00613542 /* Images.xcassets in Resources */ = {isa = PBXBuildFile; fileRef = 494189331A025C7F00613542 /* Images.xcassets */; };
		494189431A025C7F00613542 /* _TechEffectTests.m in Sources */ = {isa = PBXBuildFile; fileRef = 494189421A025C7F00613542 /* _TechEffectTests.m */; };
		4941894D1A02666900613542 /* CoreImage.framework in Frameworks */ = {isa = PBXBuildFile; fileRef = 4941894C1A02666900613542 /* CoreImage.framework */; };
		494EB0A11A7A2E41000BB329 /* 4_7.storyboard in Resources */ = {isa = PBXBuildFile; fileRef = 494EB0A01A7A2E41000BB329 /* 4_7.storyboard */; };
		494EB0A31A7A2E56000BB329 /* 4_0.storyboard in Resources */ = {isa = PBXBuildFile; fileRef = 494EB0A21A7A2E56000BB329 /* 4_0.storyboard */; };
		494EB0A51A7A2E6C000BB329 /* 3_5.storyboard in Resources */ = {isa = PBXBuildFile; fileRef = 494EB0A41A7A2E6C000BB329 /* 3_5.storyboard */; };
		494EB0A71A7A49CB000BB329 /* Icon.png in Resources */ = {isa = PBXBuildFile; fileRef = 494EB0A61A7A49CB000BB329 /* Icon.png */; };
		494EB0A91A7A6F17000BB329 /* app初期画面よう.png in Resources */ = {isa = PBXBuildFile; fileRef = 494EB0A81A7A6F17000BB329 /* app初期画面よう.png */; };
		49956C341A8380EC002D6D0D /* AVFoundation.framework in Frameworks */ = {isa = PBXBuildFile; fileRef = 49956C331A8380EC002D6D0D /* AVFoundation.framework */; };
		49A207271A8CB13D0053059D /* 1.png in Resources */ = {isa = PBXBuildFile; fileRef = 49A207251A8CB13D0053059D /* 1.png */; };
		49A207281A8CB13D0053059D /* 21.png in Resources */ = {isa = PBXBuildFile; fileRef = 49A207261A8CB13D0053059D /* 21.png */; };
		49B48B1B1A69137B0092DE0B /* 000cf1bdd048100092b212.png in Resources */ = {isa = PBXBuildFile; fileRef = 49B48B1A1A69137B0092DE0B /* 000cf1bdd048100092b212.png */; };
		49D688841A6A492B0077CC2C /* アプリ.png in Resources */ = {isa = PBXBuildFile; fileRef = 49D688831A6A492B0077CC2C /* アプリ.png */; };
		49D6888C1A6A4C790077CC2C /* falconfontb_1.1.ttf in Resources */ = {isa = PBXBuildFile; fileRef = 49D6888B1A6A4C790077CC2C /* falconfontb_1.1.ttf */; };
		49D6888E1A6A55CB0077CC2C /* photos.png in Resources */ = {isa = PBXBuildFile; fileRef = 49D6888D1A6A55CB0077CC2C /* photos.png */; };
		49D688901A6A5ACC0077CC2C /* FullSizeRender 3.jpg in Resources */ = {isa = PBXBuildFile; fileRef = 49D6888F1A6A5ACC0077CC2C /* FullSizeRender 3.jpg */; };
		49F633361A9F3C980074AE95 /* イージーエフェクト背景.png in Resources */ = {isa = PBXBuildFile; fileRef = 49F633351A9F3C980074AE95 /* イージーエフェクト背景.png */; };
/* End PBXBuildFile section */

/* Begin PBXContainerItemProxy section */
		4941893D1A025C7F00613542 /* PBXContainerItemProxy */ = {
			isa = PBXContainerItemProxy;
			containerPortal = 4941891B1A025C7F00613542 /* Project object */;
			proxyType = 1;
			remoteGlobalIDString = 494189221A025C7F00613542;
			remoteInfo = 1TechEffect;
		};
		49B17C7B1A42DEFC0072253B /* PBXContainerItemProxy */ = {
			isa = PBXContainerItemProxy;
			containerPortal = 4941891B1A025C7F00613542 /* Project object */;
			proxyType = 1;
			remoteGlobalIDString = 494189221A025C7F00613542;
			remoteInfo = 1TechEffect;
		};
		49B17C7D1A42DEFD0072253B /* PBXContainerItemProxy */ = {
			isa = PBXContainerItemProxy;
			containerPortal = 4941891B1A025C7F00613542 /* Project object */;
			proxyType = 1;
			remoteGlobalIDString = 494189221A025C7F00613542;
			remoteInfo = 1TechEffect;
		};
/* End PBXContainerItemProxy section */

/* Begin PBXFileReference section */
		49080ED81A94CF2400B497AA /* セピア.png */ = {isa = PBXFileReference; lastKnownFileType = image.png; path = "セピア.png"; sourceTree = "<group>"; };
		49080ED91A94CF2400B497AA /* クローム.png */ = {isa = PBXFileReference; lastKnownFileType = image.png; path = "クローム.png"; sourceTree = "<group>"; };
		49080EDA1A94CF2400B497AA /* ビンテージ.png */ = {isa = PBXFileReference; lastKnownFileType = image.png; path = "ビンテージ.png"; sourceTree = "<group>"; };
		49080EDB1A94CF2400B497AA /* 淡いセピア.png */ = {isa = PBXFileReference; lastKnownFileType = image.png; path = "淡いセピア.png"; sourceTree = "<group>"; };
		49080EDC1A94CF2400B497AA /* 色の反転.png */ = {isa = PBXFileReference; lastKnownFileType = image.png; path = "色の反転.png"; sourceTree = "<group>"; };
		49080EDD1A94CF2400B497AA /* レトロ調.png */ = {isa = PBXFileReference; lastKnownFileType = image.png; path = "レトロ調.png"; sourceTree = "<group>"; };
		49080EDE1A94CF2400B497AA /* モノクロ.png */ = {isa = PBXFileReference; lastKnownFileType = image.png; path = "モノクロ.png"; sourceTree = "<group>"; };
		494189231A025C7F00613542 /* 1EasyEffect.app */ = {isa = PBXFileReference; explicitFileType = wrapper.application; includeInIndex = 0; path = 1EasyEffect.app; sourceTree = BUILT_PRODUCTS_DIR; };
		494189271A025C7F00613542 /* Info.plist */ = {isa = PBXFileReference; lastKnownFileType = text.plist.xml; path = Info.plist; sourceTree = "<group>"; };
		494189281A025C7F00613542 /* main.m */ = {isa = PBXFileReference; lastKnownFileType = sourcecode.c.objc; path = main.m; sourceTree = "<group>"; };
		4941892A1A025C7F00613542 /* AppDelegate.h */ = {isa = PBXFileReference; lastKnownFileType = sourcecode.c.h; path = AppDelegate.h; sourceTree = "<group>"; };
		4941892B1A025C7F00613542 /* AppDelegate.m */ = {isa = PBXFileReference; lastKnownFileType = sourcecode.c.objc; path = AppDelegate.m; sourceTree = "<group>"; };
		4941892D1A025C7F00613542 /* ViewController.h */ = {isa = PBXFileReference; lastKnownFileType = sourcecode.c.h; path = ViewController.h; sourceTree = "<group>"; };
		4941892E1A025C7F00613542 /* ViewController.m */ = {isa = PBXFileReference; lastKnownFileType = sourcecode.c.objc; path = ViewController.m; sourceTree = "<group>"; };
		494189311A025C7F00613542 /* Base */ = {isa = PBXFileReference; lastKnownFileType = file.storyboard; name = Base; path = Base.lproj/Main.storyboard; sourceTree = "<group>"; };
		494189331A025C7F00613542 /* Images.xcassets */ = {isa = PBXFileReference; lastKnownFileType = folder.assetcatalog; path = Images.xcassets; sourceTree = "<group>"; };
		4941893C1A025C7F00613542 /* 1EasyEffectTests.xctest */ = {isa = PBXFileReference; explicitFileType = wrapper.cfbundle; includeInIndex = 0; path = 1EasyEffectTests.xctest; sourceTree = BUILT_PRODUCTS_DIR; };
		494189411A025C7F00613542 /* Info.plist */ = {isa = PBXFileReference; lastKnownFileType = text.plist.xml; path = Info.plist; sourceTree = "<group>"; };
		494189421A025C7F00613542 /* _TechEffectTests.m */ = {isa = PBXFileReference; lastKnownFileType = sourcecode.c.objc; path = _TechEffectTests.m; sourceTree = "<group>"; };
		4941894C1A02666900613542 /* CoreImage.framework */ = {isa = PBXFileReference; lastKnownFileType = wrapper.framework; name = CoreImage.framework; path = System/Library/Frameworks/CoreImage.framework; sourceTree = SDKROOT; };
		494EB0A01A7A2E41000BB329 /* 4_7.storyboard */ = {isa = PBXFileReference; fileEncoding = 4; lastKnownFileType = file.storyboard; path = 4_7.storyboard; sourceTree = "<group>"; };
		494EB0A21A7A2E56000BB329 /* 4_0.storyboard */ = {isa = PBXFileReference; fileEncoding = 4; lastKnownFileType = file.storyboard; path = 4_0.storyboard; sourceTree = "<group>"; };
		494EB0A41A7A2E6C000BB329 /* 3_5.storyboard */ = {isa = PBXFileReference; fileEncoding = 4; lastKnownFileType = file.storyboard; path = 3_5.storyboard; sourceTree = "<group>"; };
		494EB0A61A7A49CB000BB329 /* Icon.png */ = {isa = PBXFileReference; lastKnownFileType = image.png; path = Icon.png; sourceTree = "<group>"; };
		494EB0A81A7A6F17000BB329 /* app初期画面よう.png */ = {isa = PBXFileReference; lastKnownFileType = image.png; path = "app初期画面よう.png"; sourceTree = "<group>"; };
		49956C331A8380EC002D6D0D /* AVFoundation.framework */ = {isa = PBXFileReference; lastKnownFileType = wrapper.framework; name = AVFoundation.framework; path = System/Library/Frameworks/AVFoundation.framework; sourceTree = SDKROOT; };
		49A207251A8CB13D0053059D /* 1.png */ = {isa = PBXFileReference; lastKnownFileType = image.png; path = 1.png; sourceTree = "<group>"; };
		49A207261A8CB13D0053059D /* 21.png */ = {isa = PBXFileReference; lastKnownFileType = image.png; path = 21.png; sourceTree = "<group>"; };
		49B48B1A1A69137B0092DE0B /* 000cf1bdd048100092b212.png */ = {isa = PBXFileReference; lastKnownFileType = image.png; path = 000cf1bdd048100092b212.png; sourceTree = "<group>"; };
		49D688831A6A492B0077CC2C /* アプリ.png */ = {isa = PBXFileReference; lastKnownFileType = image.png; path = "アプリ.png"; sourceTree = "<group>"; };
		49D6888B1A6A4C790077CC2C /* falconfontb_1.1.ttf */ = {isa = PBXFileReference; lastKnownFileType = file; path = falconfontb_1.1.ttf; sourceTree = "<group>"; };
		49D6888D1A6A55CB0077CC2C /* photos.png */ = {isa = PBXFileReference; lastKnownFileType = image.png; path = photos.png; sourceTree = "<group>"; };
		49D6888F1A6A5ACC0077CC2C /* FullSizeRender 3.jpg */ = {isa = PBXFileReference; lastKnownFileType = image.jpeg; path = "FullSizeRender 3.jpg"; sourceTree = "<group>"; };
		49F633351A9F3C980074AE95 /* イージーエフェクト背景.png */ = {isa = PBXFileReference; lastKnownFileType = image.png; path = "イージーエフェクト背景.png"; sourceTree = "<group>"; };
/* End PBXFileReference section */

/* Begin PBXFrameworksBuildPhase section */
		494189201A025C7F00613542 /* Frameworks */ = {
			isa = PBXFrameworksBuildPhase;
			buildActionMask = 2147483647;
			files = (
				49956C341A8380EC002D6D0D /* AVFoundation.framework in Frameworks */,
				4941894D1A02666900613542 /* CoreImage.framework in Frameworks */,
			);
			runOnlyForDeploymentPostprocessing = 0;
		};
		494189391A025C7F00613542 /* Frameworks */ = {
			isa = PBXFrameworksBuildPhase;
			buildActionMask = 2147483647;
			files = (
			);
			runOnlyForDeploymentPostprocessing = 0;
		};
/* End PBXFrameworksBuildPhase section */

/* Begin PBXGroup section */
		4941891A1A025C7F00613542 = {
			isa = PBXGroup;
			children = (
				4941894C1A02666900613542 /* CoreImage.framework */,
				494189251A025C7F00613542 /* 1TechEffect */,
				4941893F1A025C7F00613542 /* 1TechEffectTests */,
				494189241A025C7F00613542 /* Products */,
			);
			sourceTree = "<group>";
			usesTabs = 0;
		};
		494189241A025C7F00613542 /* Products */ = {
			isa = PBXGroup;
			children = (
				494189231A025C7F00613542 /* 1EasyEffect.app */,
				4941893C1A025C7F00613542 /* 1EasyEffectTests.xctest */,
			);
			name = Products;
			sourceTree = "<group>";
		};
		494189251A025C7F00613542 /* 1TechEffect */ = {
			isa = PBXGroup;
			children = (
				49A207291A8CB8B50053059D /* image */,
				4941892A1A025C7F00613542 /* AppDelegate.h */,
				4941892B1A025C7F00613542 /* AppDelegate.m */,
				4941892D1A025C7F00613542 /* ViewController.h */,
				4941892E1A025C7F00613542 /* ViewController.m */,
				494EB0A41A7A2E6C000BB329 /* 3_5.storyboard */,
				494EB0A21A7A2E56000BB329 /* 4_0.storyboard */,
				494EB0A01A7A2E41000BB329 /* 4_7.storyboard */,
				494189301A025C7F00613542 /* Main.storyboard */,
				494189331A025C7F00613542 /* Images.xcassets */,
				494189261A025C7F00613542 /* Supporting Files */,
			);
			path = 1TechEffect;
			sourceTree = "<group>";
		};
		494189261A025C7F00613542 /* Supporting Files */ = {
			isa = PBXGroup;
			children = (
				494189271A025C7F00613542 /* Info.plist */,
				494189281A025C7F00613542 /* main.m */,
			);
			name = "Supporting Files";
			sourceTree = "<group>";
		};
		4941893F1A025C7F00613542 /* 1TechEffectTests */ = {
			isa = PBXGroup;
			children = (
				494189421A025C7F00613542 /* _TechEffectTests.m */,
				494189401A025C7F00613542 /* Supporting Files */,
			);
			path = 1TechEffectTests;
			sourceTree = "<group>";
		};
		494189401A025C7F00613542 /* Supporting Files */ = {
			isa = PBXGroup;
			children = (
				494189411A025C7F00613542 /* Info.plist */,
			);
			name = "Supporting Files";
			sourceTree = "<group>";
		};
		49A207291A8CB8B50053059D /* image */ = {
			isa = PBXGroup;
			children = (
				49F633351A9F3C980074AE95 /* イージーエフェクト背景.png */,
				49080ED81A94CF2400B497AA /* セピア.png */,
				49080ED91A94CF2400B497AA /* クローム.png */,
				49080EDA1A94CF2400B497AA /* ビンテージ.png */,
				49080EDB1A94CF2400B497AA /* 淡いセピア.png */,
				49080EDC1A94CF2400B497AA /* 色の反転.png */,
				49080EDD1A94CF2400B497AA /* レトロ調.png */,
				49080EDE1A94CF2400B497AA /* モノクロ.png */,
				49A207251A8CB13D0053059D /* 1.png */,
				49A207261A8CB13D0053059D /* 21.png */,
				494EB0A81A7A6F17000BB329 /* app初期画面よう.png */,
				494EB0A61A7A49CB000BB329 /* Icon.png */,
				49D6888F1A6A5ACC0077CC2C /* FullSizeRender 3.jpg */,
				49D6888D1A6A55CB0077CC2C /* photos.png */,
				49D6888B1A6A4C790077CC2C /* falconfontb_1.1.ttf */,
				49D688831A6A492B0077CC2C /* アプリ.png */,
				49956C331A8380EC002D6D0D /* AVFoundation.framework */,
				49B48B1A1A69137B0092DE0B /* 000cf1bdd048100092b212.png */,
			);
			name = image;
			sourceTree = "<group>";
		};
/* End PBXGroup section */

/* Begin PBXNativeTarget section */
		494189221A025C7F00613542 /* 1EasyEffect */ = {
			isa = PBXNativeTarget;
			buildConfigurationList = 494189461A025C7F00613542 /* Build configuration list for PBXNativeTarget "1EasyEffect" */;
			buildPhases = (
				4941891F1A025C7F00613542 /* Sources */,
				494189201A025C7F00613542 /* Frameworks */,
				494189211A025C7F00613542 /* Resources */,
			);
			buildRules = (
			);
			dependencies = (
			);
			name = 1EasyEffect;
			productName = 1TechEffect;
			productReference = 494189231A025C7F00613542 /* 1EasyEffect.app */;
			productType = "com.apple.product-type.application";
		};
		4941893B1A025C7F00613542 /* 1EasyEffectTests */ = {
			isa = PBXNativeTarget;
			buildConfigurationList = 494189491A025C7F00613542 /* Build configuration list for PBXNativeTarget "1EasyEffectTests" */;
			buildPhases = (
				494189381A025C7F00613542 /* Sources */,
				494189391A025C7F00613542 /* Frameworks */,
				4941893A1A025C7F00613542 /* Resources */,
			);
			buildRules = (
			);
			dependencies = (
				4941893E1A025C7F00613542 /* PBXTargetDependency */,
				49B17C7C1A42DEFC0072253B /* PBXTargetDependency */,
				49B17C7E1A42DEFD0072253B /* PBXTargetDependency */,
			);
			name = 1EasyEffectTests;
			productName = 1TechEffectTests;
			productReference = 4941893C1A025C7F00613542 /* 1EasyEffectTests.xctest */;
			productType = "com.apple.product-type.bundle.unit-test";
		};
/* End PBXNativeTarget section */

/* Begin PBXProject section */
		4941891B1A025C7F00613542 /* Project object */ = {
			isa = PBXProject;
			attributes = {
				LastUpgradeCheck = 0610;
				ORGANIZATIONNAME = "内田和希";
				TargetAttributes = {
					494189221A025C7F00613542 = {
						CreatedOnToolsVersion = 6.1;
						DevelopmentTeam = R9EBL4DW9F;
					};
					4941893B1A025C7F00613542 = {
						CreatedOnToolsVersion = 6.1;
						TestTargetID = 494189221A025C7F00613542;
					};
				};
			};
			buildConfigurationList = 4941891E1A025C7F00613542 /* Build configuration list for PBXProject "EasyEffect" */;
			compatibilityVersion = "Xcode 3.2";
			developmentRegion = English;
			hasScannedForEncodings = 0;
			knownRegions = (
				en,
				Base,
			);
			mainGroup = 4941891A1A025C7F00613542;
			productRefGroup = 494189241A025C7F00613542 /* Products */;
			projectDirPath = "";
			projectRoot = "";
			targets = (
				494189221A025C7F00613542 /* 1EasyEffect */,
				4941893B1A025C7F00613542 /* 1EasyEffectTests */,
			);
		};
/* End PBXProject section */

/* Begin PBXResourcesBuildPhase section */
		494189211A025C7F00613542 /* Resources */ = {
			isa = PBXResourcesBuildPhase;
			buildActionMask = 2147483647;
			files = (
				49080EE01A94CF2400B497AA /* クローム.png in Resources */,
				49B48B1B1A69137B0092DE0B /* 000cf1bdd048100092b212.png in Resources */,
				49F633361A9F3C980074AE95 /* イージーエフェクト背景.png in Resources */,
				494EB0A71A7A49CB000BB329 /* Icon.png in Resources */,
				494189321A025C7F00613542 /* Main.storyboard in Resources */,
				49D688841A6A492B0077CC2C /* アプリ.png in Resources */,
				49080EDF1A94CF2400B497AA /* セピア.png in Resources */,
				494EB0A31A7A2E56000BB329 /* 4_0.storyboard in Resources */,
				49080EE51A94CF2400B497AA /* モノクロ.png in Resources */,
				49A207281A8CB13D0053059D /* 21.png in Resources */,
				49080EE11A94CF2400B497AA /* ビンテージ.png in Resources */,
				494EB0A11A7A2E41000BB329 /* 4_7.storyboard in Resources */,
				49D6888E1A6A55CB0077CC2C /* photos.png in Resources */,
				49D6888C1A6A4C790077CC2C /* falconfontb_1.1.ttf in Resources */,
				494EB0A91A7A6F17000BB329 /* app初期画面よう.png in Resources */,
				49D688901A6A5ACC0077CC2C /* FullSizeRender 3.jpg in Resources */,
				494189341A025C7F00613542 /* Images.xcassets in Resources */,
				49080EE41A94CF2400B497AA /* レトロ調.png in Resources */,
				494EB0A51A7A2E6C000BB329 /* 3_5.storyboard in Resources */,
				49080EE21A94CF2400B497AA /* 淡いセピア.png in Resources */,
				49080EE31A94CF2400B497AA /* 色の反転.png in Resources */,
				49A207271A8CB13D0053059D /* 1.png in Resources */,
			);
			runOnlyForDeploymentPostprocessing = 0;
		};
		4941893A1A025C7F00613542 /* Resources */ = {
			isa = PBXResourcesBuildPhase;
			buildActionMask = 2147483647;
			files = (
			);
			runOnlyForDeploymentPostprocessing = 0;
		};
/* End PBXResourcesBuildPhase section */

/* Begin PBXSourcesBuildPhase section */
		4941891F1A025C7F00613542 /* Sources */ = {
			isa = PBXSourcesBuildPhase;
			buildActionMask = 2147483647;
			files = (
				4941892F1A025C7F00613542 /* ViewController.m in Sources */,
				4941892C1A025C7F00613542 /* AppDelegate.m in Sources */,
				494189291A025C7F00613542 /* main.m in Sources */,
			);
			runOnlyForDeploymentPostprocessing = 0;
		};
		494189381A025C7F00613542 /* Sources */ = {
			isa = PBXSourcesBuildPhase;
			buildActionMask = 2147483647;
			files = (
				494189431A025C7F00613542 /* _TechEffectTests.m in Sources */,
			);
			runOnlyForDeploymentPostprocessing = 0;
		};
/* End PBXSourcesBuildPhase section */

/* Begin PBXTargetDependency section */
		4941893E1A025C7F00613542 /* PBXTargetDependency */ = {
			isa = PBXTargetDependency;
			target = 494189221A025C7F00613542 /* 1EasyEffect */;
			targetProxy = 4941893D1A025C7F00613542 /* PBXContainerItemProxy */;
		};
		49B17C7C1A42DEFC0072253B /* PBXTargetDependency */ = {
			isa = PBXTargetDependency;
			target = 494189221A025C7F00613542 /* 1EasyEffect */;
			targetProxy = 49B17C7B1A42DEFC0072253B /* PBXContainerItemProxy */;
		};
		49B17C7E1A42DEFD0072253B /* PBXTargetDependency */ = {
			isa = PBXTargetDependency;
			target = 494189221A025C7F00613542 /* 1EasyEffect */;
			targetProxy = 49B17C7D1A42DEFD0072253B /* PBXContainerItemProxy */;
		};
/* End PBXTargetDependency section */

/* Begin PBXVariantGroup section */
		494189301A025C7F00613542 /* Main.storyboard */ = {
			isa = PBXVariantGroup;
			children = (
				494189311A025C7F00613542 /* Base */,
			);
			name = Main.storyboard;
			sourceTree = "<group>";
		};
/* End PBXVariantGroup section */

/* Begin XCBuildConfiguration section */
		494189441A025C7F00613542 /* Debug */ = {
			isa = XCBuildConfiguration;
			buildSettings = {
				ALWAYS_SEARCH_USER_PATHS = NO;
				CLANG_CXX_LANGUAGE_STANDARD = "gnu++0x";
				CLANG_CXX_LIBRARY = "libc++";
				CLANG_ENABLE_MODULES = YES;
				CLANG_ENABLE_OBJC_ARC = YES;
				CLANG_WARN_BOOL_CONVERSION = YES;
				CLANG_WARN_CONSTANT_CONVERSION = YES;
				CLANG_WARN_DIRECT_OBJC_ISA_USAGE = YES_ERROR;
				CLANG_WARN_EMPTY_BODY = YES;
				CLANG_WARN_ENUM_CONVERSION = YES;
				CLANG_WARN_INT_CONVERSION = YES;
				CLANG_WARN_OBJC_ROOT_CLASS = YES_ERROR;
				CLANG_WARN_UNREACHABLE_CODE = YES;
				CLANG_WARN__DUPLICATE_METHOD_MATCH = YES;
				"CODE_SIGN_IDENTITY[sdk=iphoneos*]" = "iPhone Developer";
				COPY_PHASE_STRIP = NO;
				ENABLE_STRICT_OBJC_MSGSEND = YES;
				GCC_C_LANGUAGE_STANDARD = gnu99;
				GCC_DYNAMIC_NO_PIC = NO;
				GCC_OPTIMIZATION_LEVEL = 0;
				GCC_PREPROCESSOR_DEFINITIONS = (
					"DEBUG=1",
					"$(inherited)",
				);
				GCC_SYMBOLS_PRIVATE_EXTERN = NO;
				GCC_WARN_64_TO_32_BIT_CONVERSION = YES;
				GCC_WARN_ABOUT_RETURN_TYPE = YES_ERROR;
				GCC_WARN_UNDECLARED_SELECTOR = YES;
				GCC_WARN_UNINITIALIZED_AUTOS = YES_AGGRESSIVE;
				GCC_WARN_UNUSED_FUNCTION = YES;
				GCC_WARN_UNUSED_VARIABLE = YES;
				IPHONEOS_DEPLOYMENT_TARGET = 7.0;
				MTL_ENABLE_DEBUG_INFO = YES;
				ONLY_ACTIVE_ARCH = YES;
				SDKROOT = iphoneos;
			};
			name = Debug;
		};
		494189451A025C7F00613542 /* Release */ = {
			isa = XCBuildConfiguration;
			buildSettings = {
				ALWAYS_SEARCH_USER_PATHS = NO;
				CLANG_CXX_LANGUAGE_STANDARD = "gnu++0x";
				CLANG_CXX_LIBRARY = "libc++";
				CLANG_ENABLE_MODULES = YES;
				CLANG_ENABLE_OBJC_ARC = YES;
				CLANG_WARN_BOOL_CONVERSION = YES;
				CLANG_WARN_CONSTANT_CONVERSION = YES;
				CLANG_WARN_DIRECT_OBJC_ISA_USAGE = YES_ERROR;
				CLANG_WARN_EMPTY_BODY = YES;
				CLANG_WARN_ENUM_CONVERSION = YES;
				CLANG_WARN_INT_CONVERSION = YES;
				CLANG_WARN_OBJC_ROOT_CLASS = YES_ERROR;
				CLANG_WARN_UNREACHABLE_CODE = YES;
				CLANG_WARN__DUPLICATE_METHOD_MATCH = YES;
				"CODE_SIGN_IDENTITY[sdk=iphoneos*]" = "iPhone Developer";
				COPY_PHASE_STRIP = YES;
				ENABLE_NS_ASSERTIONS = NO;
				ENABLE_STRICT_OBJC_MSGSEND = YES;
				GCC_C_LANGUAGE_STANDARD = gnu99;
				GCC_WARN_64_TO_32_BIT_CONVERSION = YES;
				GCC_WARN_ABOUT_RETURN_TYPE = YES_ERROR;
				GCC_WARN_UNDECLARED_SELECTOR = YES;
				GCC_WARN_UNINITIALIZED_AUTOS = YES_AGGRESSIVE;
				GCC_WARN_UNUSED_FUNCTION = YES;
				GCC_WARN_UNUSED_VARIABLE = YES;
				IPHONEOS_DEPLOYMENT_TARGET = 7.0;
				MTL_ENABLE_DEBUG_INFO = NO;
				SDKROOT = iphoneos;
				VALIDATE_PRODUCT = YES;
			};
			name = Release;
		};
		494189471A025C7F00613542 /* Debug */ = {
			isa = XCBuildConfiguration;
			buildSettings = {
				CODE_SIGN_IDENTITY = "iPhone Distribution: Kazuki Uchida (R9EBL4DW9F)";
				"CODE_SIGN_IDENTITY[sdk=iphoneos*]" = "iPhone Developer";
				INFOPLIST_FILE = 1TechEffect/Info.plist;
				IPHONEOS_DEPLOYMENT_TARGET = 7.0;
				LD_RUNPATH_SEARCH_PATHS = "$(inherited) @executable_path/Frameworks";
				PRODUCT_NAME = 1EasyEffect;
				PROVISIONING_PROFILE = "";
				TARGETED_DEVICE_FAMILY = 1;
			};
			name = Debug;
		};
		494189481A025C7F00613542 /* Release */ = {
			isa = XCBuildConfiguration;
			buildSettings = {
				CODE_SIGN_IDENTITY = "iPhone Distribution: Kazuki Uchida (R9EBL4DW9F)";
				"CODE_SIGN_IDENTITY[sdk=iphoneos*]" = "iPhone Developer";
				INFOPLIST_FILE = 1TechEffect/Info.plist;
				IPHONEOS_DEPLOYMENT_TARGET = 7.0;
				LD_RUNPATH_SEARCH_PATHS = "$(inherited) @executable_path/Frameworks";
				PRODUCT_NAME = 1EasyEffect;
				PROVISIONING_PROFILE = "";
				TARGETED_DEVICE_FAMILY = 1;
			};
			name = Release;
		};
		4941894A1A025C7F00613542 /* Debug */ = {
			isa = XCBuildConfiguration;
			buildSettings = {
				BUNDLE_LOADER = "$(BUILT_PRODUCTS_DIR)/1TechEffect.app/1TechEffect";
				FRAMEWORK_SEARCH_PATHS = (
					"$(SDKROOT)/Developer/Library/Frameworks",
					"$(inherited)",
				);
				GCC_PREPROCESSOR_DEFINITIONS = (
					"DEBUG=1",
					"$(inherited)",
				);
				INFOPLIST_FILE = 1TechEffectTests/Info.plist;
				LD_RUNPATH_SEARCH_PATHS = "$(inherited) @executable_path/Frameworks @loader_path/Frameworks";
				PRODUCT_NAME = 1EasyEffectTests;
				TEST_HOST = "$(BUNDLE_LOADER)";
			};
			name = Debug;
		};
		4941894B1A025C7F00613542 /* Release */ = {
			isa = XCBuildConfiguration;
			buildSettings = {
				BUNDLE_LOADER = "$(BUILT_PRODUCTS_DIR)/1TechEffect.app/1TechEffect";
				FRAMEWORK_SEARCH_PATHS = (
					"$(SDKROOT)/Developer/Library/Frameworks",
					"$(inherited)",
				);
				INFOPLIST_FILE = 1TechEffectTests/Info.plist;
				LD_RUNPATH_SEARCH_PATHS = "$(inherited) @executable_path/Frameworks @loader_path/Frameworks";
				PRODUCT_NAME = 1EasyEffectTests;
				TEST_HOST = "$(BUNDLE_LOADER)";
			};
			name = Release;
		};
/* End XCBuildConfiguration section */

/* Begin XCConfigurationList section */
		4941891E1A025C7F00613542 /* Build configuration list for PBXProject "EasyEffect" */ = {
			isa = XCConfigurationList;
			buildConfigurations = (
				494189441A025C7F00613542 /* Debug */,
				494189451A025C7F00613542 /* Release */,
			);
			defaultConfigurationIsVisible = 0;
			defaultConfigurationName = Release;
		};
		494189461A025C7F00613542 /* Build configuration list for PBXNativeTarget "1EasyEffect" */ = {
			isa = XCConfigurationList;
			buildConfigurations = (
				494189471A025C7F00613542 /* Debug */,
				494189481A025C7F00613542 /* Release */,
			);
			defaultConfigurationIsVisible = 0;
			defaultConfigurationName = Release;
		};
		494189491A025C7F00613542 /* Build configuration list for PBXNativeTarget "1EasyEffectTests" */ = {
			isa = XCConfigurationList;
			buildConfigurations = (
				4941894A1A025C7F00613542 /* Debug */,
				4941894B1A025C7F00613542 /* Release */,
			);
			defaultConfigurationIsVisible = 0;
			defaultConfigurationName = Release;
		};
/* End XCConfigurationList section */
	};
	rootObject = 4941891B1A025C7F00613542 /* Project object */;
}
